
Microsoft Visual Studio Solution File, Format Version 12.00
Project("{FAE04EC0-301F-11D3-BF4B-00C04F79EFBC}") = "TieTaeToe", "TieTaeToe.csproj", "{059E0E53-D0DE-4F6D-B371-7C19C43CF813}"
EndProject
Global
	GlobalSection(SolutionConfigurationPlatforms) = preSolution
		Debug|Any CPU = Debug|Any CPU
		Release|Any CPU = Release|Any CPU
	EndGlobalSection
	GlobalSection(ProjectConfigurationPlatforms) = postSolution
		{059E0E53-D0DE-4F6D-B371-7C19C43CF813}.Debug|Any CPU.ActiveCfg = Debug|Any CPU
		{059E0E53-D0DE-4F6D-B371-7C19C43CF813}.Debug|Any CPU.Build.0 = Debug|Any CPU
		{059E0E53-D0DE-4F6D-B371-7C19C43CF813}.Release|Any CPU.ActiveCfg = Release|Any CPU
		{059E0E53-D0DE-4F6D-B371-7C19C43CF813}.Release|Any CPU.Build.0 = Release|Any CPU
	EndGlobalSection
EndGlobal
